<?xml version="1.0" encoding="utf-8"?>
<Project ToolsVersion="4.0" xmlns="http://schemas.microsoft.com/developer/msbuild/2003">
  <ItemGroup>
    <ClCompile Include="AffectsBipEvaluatorTest.cpp" />
    <ClCompile Include="AffectsBipPreprocessorTest.cpp" />
    <ClCompile Include="AffectsBipTEvaluatorTest.cpp" />
    <ClCompile Include="AffectsBipTPreprocessorTest.cpp" />
    <ClCompile Include="AffectsBipParserTest.cpp" />
    <ClCompile Include="AffectsBipTParserTest.cpp" />
    <ClCompile Include="AffectsEvaluatorTest.cpp" />
    <ClCompile Include="AffectsTParserTest.cpp" />
    <ClCompile Include="AffectsTEvaluatorTest.cpp" />
    <ClCompile Include="AffectsPreprocessorTest.cpp" />
    <ClCompile Include="AffectsTPreprocessorTest.cpp" />
    <ClCompile Include="CallsEvaluatorTest.cpp" />
    <ClCompile Include="CallsParserTest.cpp" />
    <ClCompile Include="CallsTEvaluatorTest.cpp" />
    <ClCompile Include="CallsTParserTest.cpp" />
    <ClCompile Include="CFGRelationManagerTest_Affects.cpp" />
    <ClCompile Include="CFGRelationManagerTest_AffectsBip.cpp" />
    <ClCompile Include="CFGRelationsManagerTest_AffectsBipT.cpp" />
    <ClCompile Include="CFGRelationsManagerTest_AffectsT.cpp" />
    <ClCompile Include="CFGRelationsManagerTest_NextT.cpp" />
    <ClCompile Include="ClauseTest.cpp" />
    <ClCompile Include="DesignExtractorTest.cpp" />
    <ClCompile Include="EntityTest.cpp" />
    <ClCompile Include="ExprNodeTest.cpp" />
    <ClCompile Include="ExprParserTest.cpp" />
    <ClCompile Include="FollowsParserTest.cpp" />
    <ClCompile Include="FollowsTParserTest.cpp" />
    <ClCompile Include="FSMTest.cpp" />
    <ClCompile Include="NextBipParserTest.cpp" />
    <ClCompile Include="NextBipTParserTest.cpp" />
    <ClCompile Include="NextBipEvaluatorTest.cpp" />
    <ClCompile Include="NextBipTEvaluatorTest.cpp" />
    <ClCompile Include="NextEvaluatorTest.cpp" />
    <ClCompile Include="ParentParserTest.cpp" />
    <ClCompile Include="ParentTParserTest.cpp" />
    <ClCompile Include="NextTEvaluatorTest.cpp" />
    <ClCompile Include="NextTPreprocessorTest.cpp" />
    <ClCompile Include="ParserTest.cpp" />
    <ClCompile Include="PatternAssignEvaluatorTest.cpp" />
    <ClCompile Include="PatternIfEvaluatorTest.cpp" />
    <ClCompile Include="PatternsEvaluatorTest.cpp" />
    <ClCompile Include="PatternWhileEvaluatorTest.cpp" />
    <ClCompile Include="PKBAdapterTest.cpp" />
    <ClCompile Include="QueryEvaluatorCFGBipRelationTest.cpp" />
    <ClCompile Include="QueryEvaluatorCFGRelationTest.cpp" />
    <ClCompile Include="QueryEvaluatorMultiClausesTest.cpp" />
    <ClCompile Include="QueryEvaluatorPatternTest.cpp" />
    <ClCompile Include="QueryEvaluatorRelationTest.cpp" />
    <ClCompile Include="PatternTest.cpp" />
    <ClCompile Include="QueryEvaluatorTupleTest.cpp" />
    <ClCompile Include="QueryEvaluatorWithTest.cpp" />
    <ClCompile Include="QueryResultTest.cpp" />
    <ClCompile Include="QueryPreprocessorTest.cpp" />
    <ClCompile Include="QueryTest.cpp" />
    <ClCompile Include="RelationsEvaluatorTest.cpp" />
    <ClCompile Include="FollowsEvaluatorTest.cpp" />
    <ClCompile Include="FollowsTEvaluatorTest.cpp" />
    <ClCompile Include="ParentEvaluatorTest.cpp" />
    <ClCompile Include="ParentTEvaluatorTest.cpp" />
    <ClCompile Include="ModifiesSEvaluatorTest.cpp" />
    <ClCompile Include="ModifiesPEvaluatorTest.cpp" />
    <ClCompile Include="QueryPatternRelRefParserTest.cpp" />
    <ClCompile Include="NextParserTest.cpp" />
    <ClCompile Include="NextTParserTest.cpp" />
    <ClCompile Include="AssignPatternParserTest.cpp" />
    <ClCompile Include="IfPatternParserTest.cpp" />
    <ClCompile Include="ModifiesParserTest.cpp" />
    <ClCompile Include="AffectsParserTest.cpp" />
    <ClCompile Include="RelationsUtilityTest.cpp" />
    <ClCompile Include="UsesParserTest.cpp" />
    <ClCompile Include="WithParserTest.cpp" />
    <ClCompile Include="WhilePatternParserTest.cpp" />
    <ClCompile Include="QueryOptimizerTest.cpp" />
    <ClCompile Include="CFGNodeTest.cpp" />
    <ClCompile Include="CFGTest.cpp" />
    <ClCompile Include="UsesSEvaluatorTest.cpp" />
    <ClCompile Include="UsesPEvaluatorTest.cpp" />
    <ClCompile Include="RelRefTest.cpp" />
    <ClCompile Include="pch.cpp" />
    <ClCompile Include="PKBTest.cpp" />
    <ClCompile Include="ResultTableTest.cpp" />
    <ClCompile Include="UtilityTest.cpp" />
    <ClCompile Include="RelationTableTest.cpp" />
    <ClCompile Include="QueryTokenizerTest.cpp" />
    <ClCompile Include="TokenizerTest.cpp" />
    <ClCompile Include="WithEvaluatorTest.cpp" />
    <ClCompile Include="NextBipPreprocessorTest.cpp" />
    <ClCompile Include="CFGRelationManagerTest_NextBip.cpp" />
    <ClCompile Include="NextBipTPreprocessorTest.cpp" />
  </ItemGroup>
  <ItemGroup>
    <ClInclude Include="pch.h" />
  </ItemGroup>
  <ItemGroup>
    <None Include="packages.config" />
  </ItemGroup>
</Project>