<?xml version="1.0" encoding="utf-8"?>
<Project ToolsVersion="4.0" xmlns="http://schemas.microsoft.com/developer/msbuild/2003">
  <ItemGroup>
    <Filter Include="Source Files">
      <UniqueIdentifier>{4FC737F1-C7A5-4376-A066-2A32D752A2FF}</UniqueIdentifier>
      <Extensions>cpp;c;cc;cxx;def;odl;idl;hpj;bat;asm;asmx</Extensions>
    </Filter>
    <Filter Include="Header Files">
      <UniqueIdentifier>{93995380-89BD-4b04-88EB-625FBE52EBFB}</UniqueIdentifier>
      <Extensions>h;hpp;hxx;hm;inl;inc;xsd</Extensions>
    </Filter>
    <Filter Include="Resource Files">
      <UniqueIdentifier>{67DA6AB6-F800-4c08-8B7A-83BB121AAD01}</UniqueIdentifier>
      <Extensions>rc;ico;cur;bmp;dlg;rc2;rct;bin;rgs;gif;jpg;jpeg;jpe;resx;tiff;tif;png;wav;mfcribbon-ms</Extensions>
    </Filter>
    <Filter Include="Source Files\PQL">
      <UniqueIdentifier>{37070778-2b1c-4155-8b73-677a8fb86f0c}</UniqueIdentifier>
    </Filter>
    <Filter Include="Header Files\PQL">
      <UniqueIdentifier>{e447ebf1-a739-4a70-a6a3-67e0b55ff202}</UniqueIdentifier>
    </Filter>
    <Filter Include="Header Files\Common">
      <UniqueIdentifier>{2d0e0325-edf1-47cf-bb37-0472e2021428}</UniqueIdentifier>
    </Filter>
    <Filter Include="Source Files\SP">
      <UniqueIdentifier>{1c975f8d-99a4-4291-aa2e-40c6a55be7f6}</UniqueIdentifier>
    </Filter>
    <Filter Include="Header Files\SP">
      <UniqueIdentifier>{c378a91f-c549-401e-ada0-5f6f8160d2a6}</UniqueIdentifier>
    </Filter>
    <Filter Include="Source Files\PKB">
      <UniqueIdentifier>{3d599b16-4269-49f5-a655-f4fcf01aa7a5}</UniqueIdentifier>
    </Filter>
    <Filter Include="Header Files\PKB">
      <UniqueIdentifier>{93d5b8fd-c47f-4c67-af92-aa1bef18c9ef}</UniqueIdentifier>
    </Filter>
    <Filter Include="Source Files\PQL\QueryPreprocessor">
      <UniqueIdentifier>{f9004a73-c2b1-411e-bd26-05b9988b7679}</UniqueIdentifier>
    </Filter>
    <Filter Include="Header Files\PQL\QueryPreprocessor">
      <UniqueIdentifier>{274a1470-2177-42c9-8351-e4dc064e4e14}</UniqueIdentifier>
    </Filter>
    <Filter Include="Header Files\PQL\QueryEvaluator">
      <UniqueIdentifier>{869b9f83-19af-415d-8e88-4809d90af670}</UniqueIdentifier>
    </Filter>
    <Filter Include="Header Files\PQL\Helper">
      <UniqueIdentifier>{1d9d86ac-3eba-483b-9f71-95a582cd91f7}</UniqueIdentifier>
    </Filter>
    <Filter Include="Header Files\PQL\QueryObject">
      <UniqueIdentifier>{68d43cbf-77cf-4ba4-98b7-3415d920e923}</UniqueIdentifier>
    </Filter>
    <Filter Include="Source Files\PQL\QueryObject">
      <UniqueIdentifier>{033ad1a5-4db2-4789-917d-e090717eeff1}</UniqueIdentifier>
    </Filter>
    <Filter Include="Source Files\PQL\Helper">
      <UniqueIdentifier>{bc023e21-f25a-495c-986c-91800839c3ab}</UniqueIdentifier>
    </Filter>
    <Filter Include="Source Files\PQL\QueryEvaluator">
      <UniqueIdentifier>{355e6d9e-04f2-4a09-adc5-1a47efe1c42d}</UniqueIdentifier>
    </Filter>
    <Filter Include="Source Files\PQL\QueryEvaluator\RelationEvaluator">
      <UniqueIdentifier>{1ea08201-45db-4358-a6ac-6fb079daeeae}</UniqueIdentifier>
    </Filter>
    <Filter Include="Source Files\Common">
      <UniqueIdentifier>{84871b21-c6ae-45ec-95a3-0ddc3888a41d}</UniqueIdentifier>
    </Filter>
    <Filter Include="Source Files\PQL\QueryEvaluator\PatternEvaluator">
      <UniqueIdentifier>{abd0434e-4c2b-49a1-a3ce-a1a948746fec}</UniqueIdentifier>
    </Filter>
    <Filter Include="Header Files\PQL\QueryEvaluator\PatternEvaluator">
      <UniqueIdentifier>{5c92c625-624b-435e-bd49-146f8d1ab309}</UniqueIdentifier>
    </Filter>
    <Filter Include="Header Files\PQL\QueryEvaluator\RelationEvaluator">
      <UniqueIdentifier>{c25711b4-12ef-49b2-a273-01893fdc508a}</UniqueIdentifier>
    </Filter>
    <Filter Include="Source Files\PKB\RelationPreprocessor">
      <UniqueIdentifier>{b9384b05-16a0-4d44-9108-e1e886e14b72}</UniqueIdentifier>
    </Filter>
    <Filter Include="Header Files\PKB\RelationPreprocessor">
      <UniqueIdentifier>{e2572ef7-b040-4343-a034-7c18e6de7970}</UniqueIdentifier>
    </Filter>
    <Filter Include="Header Files\PKB\RelationTables">
      <UniqueIdentifier>{f957a021-55f2-4b7b-9944-6a4eca9469b3}</UniqueIdentifier>
    </Filter>
    <Filter Include="Source Files\PKB\RelationTables">
      <UniqueIdentifier>{1dfc2e37-cdb3-4da1-a698-b0ffca623e2b}</UniqueIdentifier>
    </Filter>
    <Filter Include="Header Files\PQL\QueryPreprocessor\QueryClauseParser">
      <UniqueIdentifier>{73cdd88a-7544-4f46-8e9c-819a2411cc78}</UniqueIdentifier>
    </Filter>
    <Filter Include="Source Files\PQL\QueryPreprocessor\QueryClauseParser">
      <UniqueIdentifier>{0b43ebb4-4723-4313-96d9-6b867e945c5f}</UniqueIdentifier>
    </Filter>
  </ItemGroup>
  <ItemGroup>
    <ClCompile Include="..\source\QuerySystem.cpp">
      <Filter>Source Files\PQL</Filter>
    </ClCompile>
    <ClCompile Include="..\source\PKB.cpp">
      <Filter>Source Files\PKB</Filter>
    </ClCompile>
    <ClCompile Include="..\source\Tokenizer.cpp">
      <Filter>Source Files\SP</Filter>
    </ClCompile>
    <ClCompile Include="..\source\Parser.cpp">
      <Filter>Source Files\SP</Filter>
    </ClCompile>
    <ClCompile Include="..\source\DesignExtractor.cpp">
      <Filter>Source Files\SP</Filter>
    </ClCompile>
    <ClCompile Include="..\source\Token.cpp">
      <Filter>Source Files\SP</Filter>
    </ClCompile>
    <ClCompile Include="..\source\FSM.cpp">
      <Filter>Source Files\SP</Filter>
    </ClCompile>
    <ClCompile Include="..\source\Procedure.cpp">
      <Filter>Source Files\SP</Filter>
    </ClCompile>
    <ClCompile Include="..\source\Statement.cpp">
      <Filter>Source Files\SP</Filter>
    </ClCompile>
    <ClCompile Include="..\source\QueryTokenizer.cpp">
      <Filter>Source Files\PQL\QueryPreprocessor</Filter>
    </ClCompile>
    <ClCompile Include="..\source\QueryToken.cpp">
      <Filter>Source Files\PQL\QueryPreprocessor</Filter>
    </ClCompile>
    <ClCompile Include="..\source\Pattern.cpp">
      <Filter>Source Files\PQL\QueryObject</Filter>
    </ClCompile>
    <ClCompile Include="..\source\Entity.cpp">
      <Filter>Source Files\PQL\QueryObject</Filter>
    </ClCompile>
    <ClCompile Include="..\source\RelRef.cpp">
      <Filter>Source Files\PQL\QueryObject</Filter>
    </ClCompile>
    <ClCompile Include="..\source\Query.cpp">
      <Filter>Source Files\PQL\QueryObject</Filter>
    </ClCompile>
    <ClCompile Include="..\source\Utility.cpp">
      <Filter>Source Files\PQL\Helper</Filter>
    </ClCompile>
    <ClCompile Include="..\source\FollowsEvaluator.cpp">
      <Filter>Source Files\PQL\QueryEvaluator\RelationEvaluator</Filter>
    </ClCompile>
    <ClCompile Include="..\source\FollowsTEvaluator.cpp">
      <Filter>Source Files\PQL\QueryEvaluator\RelationEvaluator</Filter>
    </ClCompile>
    <ClCompile Include="..\source\ModifiesPEvaluator.cpp">
      <Filter>Source Files\PQL\QueryEvaluator\RelationEvaluator</Filter>
    </ClCompile>
    <ClCompile Include="..\source\ModifiesSEvaluator.cpp">
      <Filter>Source Files\PQL\QueryEvaluator\RelationEvaluator</Filter>
    </ClCompile>
    <ClCompile Include="..\source\ParentEvaluator.cpp">
      <Filter>Source Files\PQL\QueryEvaluator\RelationEvaluator</Filter>
    </ClCompile>
    <ClCompile Include="..\source\ParentTEvaluator.cpp">
      <Filter>Source Files\PQL\QueryEvaluator\RelationEvaluator</Filter>
    </ClCompile>
    <ClCompile Include="..\source\QueryResult.cpp">
      <Filter>Source Files\PQL\QueryEvaluator</Filter>
    </ClCompile>
    <ClCompile Include="..\source\QueryEvaluator.cpp">
      <Filter>Source Files\PQL\QueryEvaluator</Filter>
    </ClCompile>
    <ClCompile Include="..\source\QueryValidator.cpp">
      <Filter>Source Files\PQL\QueryPreprocessor</Filter>
    </ClCompile>
    <ClCompile Include="..\source\QueryValidator.cpp">
      <Filter>Source Files\PQL\QueryPreprocessor</Filter>
    </ClCompile>
    <ClCompile Include="..\source\ResultTable.cpp">
      <Filter>Source Files\PQL\QueryEvaluator</Filter>
    </ClCompile>
    <ClCompile Include="..\source\UsesPEvaluator.cpp">
      <Filter>Source Files\PQL\QueryEvaluator\RelationEvaluator</Filter>
    </ClCompile>
    <ClCompile Include="..\source\UsesSEvaluator.cpp">
      <Filter>Source Files\PQL\QueryEvaluator\RelationEvaluator</Filter>
    </ClCompile>
    <ClCompile Include="..\source\PKBAdapter.cpp">
      <Filter>Source Files\PKB</Filter>
    </ClCompile>
    <ClCompile Include="..\source\RelationsEvaluator.cpp">
      <Filter>Source Files\PQL\QueryEvaluator</Filter>
    </ClCompile>
    <ClCompile Include="..\source\QueryOptimizer.cpp">
      <Filter>Source Files\PQL</Filter>
    </ClCompile>
    <ClCompile Include="..\source\Clause.cpp">
      <Filter>Source Files\PQL\QueryObject</Filter>
    </ClCompile>
    <ClCompile Include="..\source\AffectsEvaluator.cpp">
      <Filter>Source Files\PQL\QueryEvaluator\RelationEvaluator</Filter>
    </ClCompile>
    <ClCompile Include="..\source\AffectsTEvaluator.cpp">
      <Filter>Source Files\PQL\QueryEvaluator\RelationEvaluator</Filter>
    </ClCompile>
    <ClCompile Include="..\source\CallsTEvaluator.cpp">
      <Filter>Source Files\PQL\QueryEvaluator\RelationEvaluator</Filter>
    </ClCompile>
    <ClCompile Include="..\source\CallsEvaluator.cpp">
      <Filter>Source Files\PQL\QueryEvaluator\RelationEvaluator</Filter>
    </ClCompile>
    <ClCompile Include="..\source\NextEvaluator.cpp">
      <Filter>Source Files\PQL\QueryEvaluator\RelationEvaluator</Filter>
    </ClCompile>
    <ClCompile Include="..\source\NextTEvaluator.cpp">
      <Filter>Source Files\PQL\QueryEvaluator\RelationEvaluator</Filter>
    </ClCompile>
    <ClCompile Include="..\source\WithEvaluator.cpp">
      <Filter>Source Files\PQL\QueryEvaluator\RelationEvaluator</Filter>
    </ClCompile>
    <ClCompile Include="..\source\NextBipEvaluator.cpp">
      <Filter>Source Files\PQL\QueryEvaluator\RelationEvaluator</Filter>
    </ClCompile>
    <ClCompile Include="..\source\NextBipTEvaluator.cpp">
      <Filter>Source Files\PQL\QueryEvaluator\RelationEvaluator</Filter>
    </ClCompile>
    <ClCompile Include="..\source\AffectsBipEvaluator.cpp">
      <Filter>Source Files\PQL\QueryEvaluator\RelationEvaluator</Filter>
    </ClCompile>
    <ClCompile Include="..\source\AffectsBipTEvaluator.cpp">
      <Filter>Source Files\PQL\QueryEvaluator\RelationEvaluator</Filter>
    </ClCompile>
    <ClCompile Include="..\source\SemanticErrorException.cpp">
      <Filter>Source Files\PQL\Helper</Filter>
    </ClCompile>
    <ClCompile Include="..\source\SyntacticErrorException.cpp">
      <Filter>Source Files\PQL\Helper</Filter>
    </ClCompile>
    <ClCompile Include="..\source\ExprParser.cpp">
      <Filter>Source Files\Common</Filter>
    </ClCompile>
    <ClCompile Include="..\source\ExprNode.cpp">
      <Filter>Source Files\Common</Filter>
    </ClCompile>
    <ClCompile Include="..\source\CFGNode.cpp">
      <Filter>Source Files\Common</Filter>
    </ClCompile>
    <ClCompile Include="..\source\CFG.cpp">
      <Filter>Source Files\Common</Filter>
    </ClCompile>
    <ClCompile Include="..\source\QueryClauseParser.cpp">
      <Filter>Source Files\PQL\QueryPreprocessor\QueryClauseParser</Filter>
    </ClCompile>
    <ClCompile Include="..\source\AssignPatternParser.cpp">
      <Filter>Source Files\PQL\QueryPreprocessor\QueryClauseParser</Filter>
    </ClCompile>
    <ClCompile Include="..\source\IfPatternParser.cpp">
      <Filter>Source Files\PQL\QueryPreprocessor\QueryClauseParser</Filter>
    </ClCompile>
    <ClCompile Include="..\source\WhilePatternParser.cpp">
      <Filter>Source Files\PQL\QueryPreprocessor\QueryClauseParser</Filter>
    </ClCompile>
    <ClCompile Include="..\source\NextParser.cpp">
      <Filter>Source Files\PQL\QueryPreprocessor\QueryClauseParser</Filter>
    </ClCompile>
    <ClCompile Include="..\source\UsesParser.cpp">
      <Filter>Source Files\PQL\QueryPreprocessor\QueryClauseParser</Filter>
    </ClCompile>
    <ClCompile Include="..\source\ModifiesParser.cpp">
      <Filter>Source Files\PQL\QueryPreprocessor\QueryClauseParser</Filter>
    </ClCompile>
    <ClCompile Include="..\source\FollowsParser.cpp">
      <Filter>Source Files\PQL\QueryPreprocessor\QueryClauseParser</Filter>
    </ClCompile>
    <ClCompile Include="..\source\ParentParser.cpp">
      <Filter>Source Files\PQL\QueryPreprocessor\QueryClauseParser</Filter>
    </ClCompile>
    <ClCompile Include="..\source\CallsParser.cpp">
      <Filter>Source Files\PQL\QueryPreprocessor\QueryClauseParser</Filter>
    </ClCompile>
    <ClCompile Include="..\source\AffectsParser.cpp">
      <Filter>Source Files\PQL\QueryPreprocessor\QueryClauseParser</Filter>
    </ClCompile>
    <ClCompile Include="..\source\WithParser.cpp">
      <Filter>Source Files\PQL\QueryPreprocessor\QueryClauseParser</Filter>
    </ClCompile>
    <ClCompile Include="..\source\PatternAssignEvaluator.cpp">
      <Filter>Source Files\PQL\QueryEvaluator\PatternEvaluator</Filter>
    </ClCompile>
    <ClCompile Include="..\source\PatternIfEvaluator.cpp">
      <Filter>Source Files\PQL\QueryEvaluator\PatternEvaluator</Filter>
    </ClCompile>
    <ClCompile Include="..\source\PatternWhileEvaluator.cpp">
      <Filter>Source Files\PQL\QueryEvaluator\PatternEvaluator</Filter>
    </ClCompile>
    <ClCompile Include="..\source\PatternsEvaluator.cpp">
      <Filter>Source Files\PQL\QueryEvaluator</Filter>
    </ClCompile>
    <ClCompile Include="..\source\RelationPreprocessorManager.cpp">
      <Filter>Source Files\PKB</Filter>
    </ClCompile>
    <ClCompile Include="..\source\NextTPreprocessor.cpp">
      <Filter>Source Files\PKB\RelationPreprocessor</Filter>
    </ClCompile>
    <ClCompile Include="..\source\RelationPreprocessor.cpp">
      <Filter>Source Files\PKB\RelationPreprocessor</Filter>
    </ClCompile>
    <ClCompile Include="..\source\AffectsPreprocessor.cpp">
      <Filter>Source Files\PKB\RelationPreprocessor</Filter>
    </ClCompile>
    <ClCompile Include="..\source\IterativeDataflowSolver.cpp">
      <Filter>Source Files\PKB\RelationPreprocessor</Filter>
    </ClCompile>
    <ClCompile Include="..\source\RelationTable.cpp">
      <Filter>Source Files\PKB\RelationTables</Filter>
    </ClCompile>
    <ClCompile Include="..\source\AffectsTPreprocessor.cpp">
      <Filter>Source Files\PKB\RelationPreprocessor</Filter>
    </ClCompile>
    <ClCompile Include="..\source\QueryPreprocessor.cpp">
      <Filter>Source Files\PQL\QueryPreprocessor</Filter>
    </ClCompile>
    <ClCompile Include="..\source\AffectsBipPreprocessor.cpp">
      <Filter>Source Files\PKB\RelationPreprocessor</Filter>
    </ClCompile>
    <ClCompile Include="..\source\AffectsBipTPreprocessor.cpp">
      <Filter>Source Files\PKB\RelationPreprocessor</Filter>
    </ClCompile>
    <ClCompile Include="..\source\IterativeDataflowSolverBip.cpp">
      <Filter>Source Files\PKB\RelationPreprocessor</Filter>
    </ClCompile>
    <ClCompile Include="..\source\RelationTableUtility.cpp">
      <Filter>Source Files\PKB\RelationTables</Filter>
    </ClCompile>
    <ClCompile Include="..\source\NextBipPreprocessor.cpp">
      <Filter>Source Files\PKB\RelationPreprocessor</Filter>
    </ClCompile>
    <ClCompile Include="..\source\NextBipTPreprocessor.cpp">
      <Filter>Source Files\PKB\RelationPreprocessor</Filter>
    </ClCompile>
  </ItemGroup>
  <ItemGroup>
    <ClInclude Include="..\source\Parser.h">
      <Filter>Header Files\SP</Filter>
    </ClInclude>
    <ClInclude Include="..\source\Tokenizer.h">
      <Filter>Header Files\SP</Filter>
    </ClInclude>
    <ClInclude Include="..\source\Token.h">
      <Filter>Header Files\SP</Filter>
    </ClInclude>
    <ClInclude Include="..\source\DesignExtractor.h">
      <Filter>Header Files\SP</Filter>
    </ClInclude>
    <ClInclude Include="..\source\Extractor.h">
      <Filter>Header Files\SP</Filter>
    </ClInclude>
    <ClInclude Include="..\source\FSM.h">
      <Filter>Header Files\SP</Filter>
    </ClInclude>
    <ClInclude Include="..\source\Procedure.h">
      <Filter>Header Files\SP</Filter>
    </ClInclude>
    <ClInclude Include="..\source\Statement.h">
      <Filter>Header Files\SP</Filter>
    </ClInclude>
    <ClInclude Include="..\source\QuerySystem.h">
      <Filter>Header Files\PQL</Filter>
    </ClInclude>
    <ClInclude Include="..\source\Common.h">
      <Filter>Header Files\Common</Filter>
    </ClInclude>
    <ClInclude Include="..\source\PKB.h">
      <Filter>Header Files\PKB</Filter>
    </ClInclude>
    <ClInclude Include="..\source\QueryPreprocessor.h">
      <Filter>Header Files\PQL\QueryPreprocessor</Filter>
    </ClInclude>
    <ClInclude Include="..\source\QueryTokenizer.h">
      <Filter>Header Files\PQL\QueryPreprocessor</Filter>
    </ClInclude>
    <ClInclude Include="..\source\QueryToken.h">
      <Filter>Header Files\PQL\QueryPreprocessor</Filter>
    </ClInclude>
    <ClInclude Include="..\source\QueryValidator.h">
      <Filter>Header Files\PQL\QueryPreprocessor</Filter>
    </ClInclude>
    <ClInclude Include="..\source\QueryValidator.h">
      <Filter>Header Files\PQL\QueryPreprocessor</Filter>
    </ClInclude>
    <ClInclude Include="..\source\QueryResult.h">
      <Filter>Header Files\PQL\QueryEvaluator</Filter>
    </ClInclude>
    <ClInclude Include="..\source\ResultTable.h">
      <Filter>Header Files\PQL\QueryEvaluator</Filter>
    </ClInclude>
    <ClInclude Include="..\source\Utility.h">
      <Filter>Header Files\PQL\Helper</Filter>
    </ClInclude>
    <ClInclude Include="..\source\PKBAdapter.h">
      <Filter>Header Files\PKB</Filter>
    </ClInclude>
    <ClInclude Include="..\source\Entity.h">
      <Filter>Header Files\PQL\QueryObject</Filter>
    </ClInclude>
    <ClInclude Include="..\source\Pattern.h">
      <Filter>Header Files\PQL\QueryObject</Filter>
    </ClInclude>
    <ClInclude Include="..\source\Query.h">
      <Filter>Header Files\PQL\QueryObject</Filter>
    </ClInclude>
    <ClInclude Include="..\source\RelRef.h">
      <Filter>Header Files\PQL\QueryObject</Filter>
    </ClInclude>
    <ClInclude Include="..\source\Pattern.h">
      <Filter>Header Files\PQL\QueryObject</Filter>
    </ClInclude>
    <ClInclude Include="..\source\Query.h">
      <Filter>Header Files\PQL\QueryObject</Filter>
    </ClInclude>
    <ClInclude Include="..\source\RelRef.h">
      <Filter>Header Files\PQL\QueryObject</Filter>
    </ClInclude>
    <ClInclude Include="..\source\QueryEvaluator.h">
      <Filter>Header Files\PQL\QueryEvaluator</Filter>
    </ClInclude>
    <ClInclude Include="..\source\FollowsEvaluator.h">
      <Filter>Header Files\PQL\QueryEvaluator\RelationEvaluator</Filter>
    </ClInclude>
    <ClInclude Include="..\source\FollowsTEvaluator.h">
      <Filter>Header Files\PQL\QueryEvaluator\RelationEvaluator</Filter>
    </ClInclude>
    <ClInclude Include="..\source\ModifiesPEvaluator.h">
      <Filter>Header Files\PQL\QueryEvaluator\RelationEvaluator</Filter>
    </ClInclude>
    <ClInclude Include="..\source\ModifiesSEvaluator.h">
      <Filter>Header Files\PQL\QueryEvaluator\RelationEvaluator</Filter>
    </ClInclude>
    <ClInclude Include="..\source\ParentEvaluator.h">
      <Filter>Header Files\PQL\QueryEvaluator\RelationEvaluator</Filter>
    </ClInclude>
    <ClInclude Include="..\source\ParentTEvaluator.h">
      <Filter>Header Files\PQL\QueryEvaluator\RelationEvaluator</Filter>
    </ClInclude>
    <ClInclude Include="..\source\RelationEvaluatorInterface.h">
      <Filter>Header Files\PQL\QueryEvaluator\RelationEvaluator</Filter>
    </ClInclude>
    <ClInclude Include="..\source\UsesSEvaluator.h">
      <Filter>Header Files\PQL\QueryEvaluator\RelationEvaluator</Filter>
    </ClInclude>
    <ClInclude Include="..\source\UsesPEvaluator.h">
      <Filter>Header Files\PQL\QueryEvaluator\RelationEvaluator</Filter>
    </ClInclude>
    <ClInclude Include="..\source\RelationsEvaluator.h">
      <Filter>Header Files\PQL\QueryEvaluator</Filter>
    </ClInclude>
    <ClInclude Include="..\source\QueryOptimizer.h">
      <Filter>Header Files\PQL</Filter>
    </ClInclude>
    <ClInclude Include="..\source\Clause.h">
      <Filter>Header Files\PQL\QueryObject</Filter>
    </ClInclude>
    <ClInclude Include="..\source\NextTEvaluator.h">
      <Filter>Header Files\PQL\QueryEvaluator\RelationEvaluator</Filter>
    </ClInclude>
    <ClInclude Include="..\source\NextEvaluator.h">
      <Filter>Header Files\PQL\QueryEvaluator\RelationEvaluator</Filter>
    </ClInclude>
    <ClInclude Include="..\source\CallsTEvaluator.h">
      <Filter>Header Files\PQL\QueryEvaluator\RelationEvaluator</Filter>
    </ClInclude>
    <ClInclude Include="..\source\CallsEvaluator.h">
      <Filter>Header Files\PQL\QueryEvaluator\RelationEvaluator</Filter>
    </ClInclude>
    <ClInclude Include="..\source\AffectsTEvaluator.h">
      <Filter>Header Files\PQL\QueryEvaluator\RelationEvaluator</Filter>
    </ClInclude>
    <ClInclude Include="..\source\AffectsEvaluator.h">
      <Filter>Header Files\PQL\QueryEvaluator\RelationEvaluator</Filter>
    </ClInclude>
    <ClInclude Include="..\source\WithEvaluator.h">
      <Filter>Header Files\PQL\QueryEvaluator\RelationEvaluator</Filter>
    </ClInclude>
    <ClInclude Include="..\source\NextBipEvaluator.h">
      <Filter>Header Files\PQL\QueryEvaluator\RelationEvaluator</Filter>
    </ClInclude>
    <ClInclude Include="..\source\NextBipTEvaluator.h">
      <Filter>Header Files\PQL\QueryEvaluator\RelationEvaluator</Filter>
    </ClInclude>
    <ClInclude Include="..\source\AffectsBipEvaluator.h">
      <Filter>Header Files\PQL\QueryEvaluator\RelationEvaluator</Filter>
    </ClInclude>
    <ClInclude Include="..\source\AffectsBipTEvaluator.h">
      <Filter>Header Files\PQL\QueryEvaluator\RelationEvaluator</Filter>
    </ClInclude>
    <ClInclude Include="..\source\SyntacticErrorException.h">
      <Filter>Header Files\PQL\Helper</Filter>
    </ClInclude>
    <ClInclude Include="..\source\SemanticErrorException.h">
      <Filter>Header Files\PQL\Helper</Filter>
    </ClInclude>
    <ClInclude Include="..\source\ExprNode.h">
      <Filter>Header Files\Common</Filter>
    </ClInclude>
    <ClInclude Include="..\source\ExprParser.h">
      <Filter>Header Files\Common</Filter>
    </ClInclude>
    <ClInclude Include="..\source\CFGNode.h">
      <Filter>Header Files\Common</Filter>
    </ClInclude>
    <ClInclude Include="..\source\CFG.h">
      <Filter>Header Files\Common</Filter>
    </ClInclude>
    <ClInclude Include="..\source\QueryClauseParser.h">
      <Filter>Header Files\PQL\QueryPreprocessor\QueryClauseParser</Filter>
    </ClInclude>
    <ClInclude Include="..\source\AssignPatternParser.h">
      <Filter>Header Files\PQL\QueryPreprocessor\QueryClauseParser</Filter>
	</ClInclude>
	<ClInclude Include="..\source\IfPatternParser.h">
      <Filter>Header Files\PQL\QueryPreprocessor\QueryPatternRelRefParser</Filter>
    </ClInclude>
    <ClInclude Include="..\source\WhilePatternParser.h">
      <Filter>Header Files\PQL\QueryPreprocessor\QueryPatternRelRefParser</Filter>
    </ClInclude>
    <ClInclude Include="..\source\NextParser.h">
      <Filter>Header Files\PQL\QueryPreprocessor\QueryPatternRelRefParser</Filter>
    </ClInclude>
    <ClInclude Include="..\source\NextTParser.h">
      <Filter>Header Files\PQL\QueryPreprocessor\QueryPatternRelRefParser</Filter>
    </ClInclude>
    <ClInclude Include="..\source\UsesParser.h">
      <Filter>Header Files\PQL\QueryPreprocessor\QueryClauseParser</Filter>
    </ClInclude>
    <ClInclude Include="..\source\ModifiesParser.h">
      <Filter>Header Files\PQL\QueryPreprocessor\QueryClauseParser</Filter>
    </ClInclude>
    <ClInclude Include="..\source\FollowsParser.h">
      <Filter>Header Files\PQL\QueryPreprocessor\QueryClauseParser</Filter>
    </ClInclude>
    <ClInclude Include="..\source\ParentParser.h">
      <Filter>Header Files\PQL\QueryPreprocessor\QueryClauseParser</Filter>
    </ClInclude>
    <ClInclude Include="..\source\CallsParser.h">
      <Filter>Header Files\PQL\QueryPreprocessor\QueryClauseParser</Filter>
    </ClInclude>
    <ClInclude Include="..\source\AffectsParser.h">
      <Filter>Header Files\PQL\QueryPreprocessor\QueryClauseParser</Filter>
    </ClInclude>
    <ClInclude Include="..\source\AssignPatternParser.h">
      <Filter>Header Files\PQL\QueryPreprocessor\QueryPatternRelRefParser</Filter>
    </ClInclude>
    <ClInclude Include="..\source\WithParser.h">
      <Filter>Header Files\PQL\QueryPreprocessor\QueryClauseParser</Filter>
    </ClInclude>
    <ClInclude Include="..\source\RelationParserInterface.h">
      <Filter>Header Files\PQL\QueryPreprocessor\QueryClauseParser</Filter>
    </ClInclude>
    <ClInclude Include="..\source\WithParserInterface.h">
      <Filter>Header Files\PQL\QueryPreprocessor\QueryClauseParser</Filter>
    </ClInclude>
    <ClInclude Include="..\source\PatternParserInterface.h">
      <Filter>Header Files\PQL\QueryPreprocessor\QueryClauseParser</Filter>
    </ClInclude>
    <ClInclude Include="..\source\IfPatternParser.h">
      <Filter>Header Files\PQL\QueryPreprocessor\QueryPatternRelRefParser</Filter>
    </ClInclude>
    <ClInclude Include="..\source\WhilePatternParser.h">
      <Filter>Header Files\PQL\QueryPreprocessor\QueryPatternRelRefParser</Filter>
    </ClInclude>
    <ClInclude Include="..\source\NextParser.h">
      <Filter>Header Files\PQL\QueryPreprocessor\QueryPatternRelRefParser</Filter>
    </ClInclude>
    <ClInclude Include="..\source\PatternsEvaluator.h">
      <Filter>Header Files\PQL\QueryEvaluator</Filter>
    </ClInclude>
    <ClInclude Include="..\source\PatternIfEvaluator.h">
      <Filter>Header Files\PQL\QueryEvaluator\PatternEvaluator</Filter>
    </ClInclude>
    <ClInclude Include="..\source\PatternEvaluatorInterface.h">
      <Filter>Header Files\PQL\QueryEvaluator\PatternEvaluator</Filter>
    </ClInclude>
    <ClInclude Include="..\source\PatternAssignEvaluator.h">
      <Filter>Header Files\PQL\QueryEvaluator\PatternEvaluator</Filter>
    </ClInclude>
    <ClInclude Include="..\source\PatternWhileEvaluator.h">
      <Filter>Header Files\PQL\QueryEvaluator\PatternEvaluator</Filter>
    </ClInclude>
    <ClInclude Include="..\source\RelationPreprocessorManager.h">
      <Filter>Header Files\PKB</Filter>
    </ClInclude>
    <ClInclude Include="..\source\NextTPreprocessor.h">
      <Filter>Header Files\PKB\RelationPreprocessor</Filter>
    </ClInclude>
    <ClInclude Include="..\source\RelationPreprocessor.h">
      <Filter>Header Files\PKB\RelationPreprocessor</Filter>
    </ClInclude>
    <ClInclude Include="..\source\AffectsPreprocessor.h">
      <Filter>Header Files\PKB\RelationPreprocessor</Filter>
    </ClInclude>
    <ClInclude Include="..\source\IterativeDataflowSolver.h">
      <Filter>Header Files\PKB\RelationPreprocessor</Filter>
    </ClInclude>
    <ClInclude Include="..\source\MonotypeRelationTable.h">
      <Filter>Header Files\PKB\RelationTables</Filter>
    </ClInclude>
    <ClInclude Include="..\source\RelationTable.h">
      <Filter>Header Files\PKB\RelationTables</Filter>
    </ClInclude>
    <ClInclude Include="..\source\AffectsTPreprocessor.h">
      <Filter>Header Files\PKB\RelationPreprocessor</Filter>
    </ClInclude>
    <ClInclude Include="..\source\AffectsBipPreprocessor.h">
      <Filter>Header Files\PKB\RelationPreprocessor</Filter>
    </ClInclude>
    <ClInclude Include="..\source\AffectsBipTPreprocessor.h">
      <Filter>Header Files\PKB\RelationPreprocessor</Filter>
    </ClInclude>
    <ClInclude Include="..\source\IterativeDataflowSolverBip.h">
      <Filter>Header Files\PKB\RelationPreprocessor</Filter>
    </ClInclude>
    <ClInclude Include="..\source\RelationTableUtility.h">
      <Filter>Header Files\PKB\RelationTables</Filter>
    </ClInclude>
    <ClInclude Include="..\source\SPCommon.h">
      <Filter>Header Files\SP</Filter>
    </ClInclude>
    <ClInclude Include="..\source\NextBipPreprocessor.h">
      <Filter>Header Files\PKB\RelationPreprocessor</Filter>
    </ClInclude>
    <ClInclude Include="..\source\NextBipTPreprocessor.h">
      <Filter>Header Files\PKB\RelationPreprocessor</Filter>
    </ClInclude>
    <ClInclude Include="..\source\NextParser.h">
      <Filter>Header Files\PQL\QueryPreprocessor\QueryClauseParser</Filter>
    </ClInclude>
    <ClInclude Include="..\source\IfPatternParser.h">
      <Filter>Header Files\PQL\QueryPreprocessor\QueryClauseParser</Filter>
    </ClInclude>
    <ClInclude Include="..\source\WhilePatternParser.h">
      <Filter>Header Files\PQL\QueryPreprocessor\QueryClauseParser</Filter>
	</ClInclude>
    <ClInclude Include="..\source\PKBSourceInterface.h">
      <Filter>Header Files\PKB</Filter>
    </ClInclude>
    <ClInclude Include="..\source\PKBQueryInterface.h">
      <Filter>Header Files\PKB</Filter>
    </ClInclude>
  </ItemGroup>
</Project>